github.com/ajstarks/svgo v0.0.0-20200320125537-f189e35d30ca/go.mod h1:K08gAheRH3/J6wwsYMMT4xOr94bZjxIelGM0+d/wbFw=
github.com/corentings/chess v0.0.0-20241113092200-3f44c4e3e959 h1:B5Fq6d2MB3li9PXDkm3hR7iMOCgJS6m+igsjtGe2iHA=
github.com/corentings/chess v0.0.0-20241113092200-3f44c4e3e959/go.mod h1:JBpJId2nojl6rPpbdVJn7FZOATH0Z28vaU+BEp9ttKA=
github.com/notnil/chess v1.10.0 h1:RR3MgS9G6zZmJ+VPTJolyxdaIgxoUPyUUY+2iaw35G0=
github.com/notnil/chess v1.10.0/go.mod h1:cRuJUIBFq9Xki05TWHJxHYkC+fFpq45IWwk94DdlCrA=
